
Microsoft Visual Studio Solution File, Format Version 12.00
# Visual Studio 2012
Project("{8BC9CEB8-8B4A-11D0-8D11-00A0C91BC942}") = "myVersion", "myVersion\myVersion.vcxproj", "{F55B8A32-634C-4652-923D-36865ACAC129}"
EndProject
Global
	GlobalSection(SolutionConfigurationPlatforms) = preSolution
		Debug|Win32 = Debug|Win32
		Release|Win32 = Release|Win32
	EndGlobalSection
	GlobalSection(ProjectConfigurationPlatforms) = postSolution
		{F55B8A32-634C-4652-923D-36865ACAC129}.Debug|Win32.ActiveCfg = Debug|Win32
		{F55B8A32-634C-4652-923D-36865ACAC129}.Debug|Win32.Build.0 = Debug|Win32
		{F55B8A32-634C-4652-923D-36865ACAC129}.Release|Win32.ActiveCfg = Release|Win32
		{F55B8A32-634C-4652-923D-36865ACAC129}.Release|Win32.Build.0 = Release|Win32
	EndGlobalSection
	GlobalSection(SolutionProperties) = preSolution
		HideSolutionNode = FALSE
	EndGlobalSection
EndGlobal
